
Microsoft Visual Studio Solution File, Format Version 12.00
# Visual Studio Version 17
VisualStudioVersion = 17.1.32421.90
MinimumVisualStudioVersion = 10.0.40219.1
Project("{9A19103F-16F7-4668-BE54-9A1E7A4F7556}") = "AlgorithmApi", "AlgorithmApi\AlgorithmApi.csproj", "{0BBF0BA9-D1A0-4544-A6B0-95132DC8E334}"
EndProject
Project("{FAE04EC0-301F-11D3-BF4B-00C04F79EFBC}") = "BlazorApp1.Server", "BlazorApp1\Server\BlazorApp1.Server.csproj", "{503EFE57-1E7E-4631-A63B-523A4D40BA4A}"
EndProject
Project("{FAE04EC0-301F-11D3-BF4B-00C04F79EFBC}") = "BlazorApp1.Client", "BlazorApp1\Client\BlazorApp1.Client.csproj", "{12554D78-E58F-4907-8B30-04A677644ABA}"
EndProject
Project("{FAE04EC0-301F-11D3-BF4B-00C04F79EFBC}") = "BlazorApp1.Shared", "BlazorApp1\Shared\BlazorApp1.Shared.csproj", "{87ECA5EC-E77B-416A-9850-CEA80DCA835E}"
EndProject
Global
	GlobalSection(SolutionConfigurationPlatforms) = preSolution
		Debug|Any CPU = Debug|Any CPU
		Release|Any CPU = Release|Any CPU
	EndGlobalSection
	GlobalSection(ProjectConfigurationPlatforms) = postSolution
		{0BBF0BA9-D1A0-4544-A6B0-95132DC8E334}.Debug|Any CPU.ActiveCfg = Debug|Any CPU
		{0BBF0BA9-D1A0-4544-A6B0-95132DC8E334}.Debug|Any CPU.Build.0 = Debug|Any CPU
		{0BBF0BA9-D1A0-4544-A6B0-95132DC8E334}.Release|Any CPU.ActiveCfg = Release|Any CPU
		{0BBF0BA9-D1A0-4544-A6B0-95132DC8E334}.Release|Any CPU.Build.0 = Release|Any CPU
		{503EFE57-1E7E-4631-A63B-523A4D40BA4A}.Debug|Any CPU.ActiveCfg = Debug|Any CPU
		{503EFE57-1E7E-4631-A63B-523A4D40BA4A}.Debug|Any CPU.Build.0 = Debug|Any CPU
		{503EFE57-1E7E-4631-A63B-523A4D40BA4A}.Release|Any CPU.ActiveCfg = Release|Any CPU
		{503EFE57-1E7E-4631-A63B-523A4D40BA4A}.Release|Any CPU.Build.0 = Release|Any CPU
		{12554D78-E58F-4907-8B30-04A677644ABA}.Debug|Any CPU.ActiveCfg = Debug|Any CPU
		{12554D78-E58F-4907-8B30-04A677644ABA}.Debug|Any CPU.Build.0 = Debug|Any CPU
		{12554D78-E58F-4907-8B30-04A677644ABA}.Release|Any CPU.ActiveCfg = Release|Any CPU
		{12554D78-E58F-4907-8B30-04A677644ABA}.Release|Any CPU.Build.0 = Release|Any CPU
		{87ECA5EC-E77B-416A-9850-CEA80DCA835E}.Debug|Any CPU.ActiveCfg = Debug|Any CPU
		{87ECA5EC-E77B-416A-9850-CEA80DCA835E}.Debug|Any CPU.Build.0 = Debug|Any CPU
		{87ECA5EC-E77B-416A-9850-CEA80DCA835E}.Release|Any CPU.ActiveCfg = Release|Any CPU
		{87ECA5EC-E77B-416A-9850-CEA80DCA835E}.Release|Any CPU.Build.0 = Release|Any CPU
	EndGlobalSection
	GlobalSection(SolutionProperties) = preSolution
		HideSolutionNode = FALSE
	EndGlobalSection
	GlobalSection(ExtensibilityGlobals) = postSolution
		SolutionGuid = {D37CAC84-C0BD-4B8E-8AA5-6F856A0746EB}
	EndGlobalSection
EndGlobal
